
Microsoft Visual Studio Solution File, Format Version 12.00
# Visual Studio 15
VisualStudioVersion = 15.0.28307.438
MinimumVisualStudioVersion = 10.0.40219.1
Project("{9A19103F-16F7-4668-BE54-9A1E7A4F7556}") = "ContinuousIntegration", "ContinuousIntegration\ContinuousIntegration.csproj", "{06CA8BD4-643F-4AB4-99B9-5FA4C39AC6AD}"
EndProject
Global
	GlobalSection(SolutionConfigurationPlatforms) = preSolution
		Debug|Any CPU = Debug|Any CPU
		Release|Any CPU = Release|Any CPU
	EndGlobalSection
	GlobalSection(ProjectConfigurationPlatforms) = postSolution
		{06CA8BD4-643F-4AB4-99B9-5FA4C39AC6AD}.Debug|Any CPU.ActiveCfg = Debug|Any CPU
		{06CA8BD4-643F-4AB4-99B9-5FA4C39AC6AD}.Debug|Any CPU.Build.0 = Debug|Any CPU
		{06CA8BD4-643F-4AB4-99B9-5FA4C39AC6AD}.Release|Any CPU.ActiveCfg = Release|Any CPU
		{06CA8BD4-643F-4AB4-99B9-5FA4C39AC6AD}.Release|Any CPU.Build.0 = Release|Any CPU
	EndGlobalSection
	GlobalSection(SolutionProperties) = preSolution
		HideSolutionNode = FALSE
	EndGlobalSection
	GlobalSection(ExtensibilityGlobals) = postSolution
		SolutionGuid = {97B75CE9-F980-45A2-8DEE-6F2A42DC79A4}
	EndGlobalSection
EndGlobal
